
Microsoft Visual Studio Solution File, Format Version 12.00
# Visual Studio Version 17
VisualStudioVersion = 17.5.33414.496
MinimumVisualStudioVersion = 10.0.40219.1
Project("{8BC9CEB8-8B4A-11D0-8D11-00A0C91BC942}") = "staticfuntionn_164", "staticfuntionn_164\staticfuntionn_164.vcxproj", "{F8CDF205-384B-43B8-8A9F-51D16B347195}"
EndProject
Global
	GlobalSection(SolutionConfigurationPlatforms) = preSolution
		Debug|x64 = Debug|x64
		Debug|x86 = Debug|x86
		Release|x64 = Release|x64
		Release|x86 = Release|x86
	EndGlobalSection
	GlobalSection(ProjectConfigurationPlatforms) = postSolution
		{F8CDF205-384B-43B8-8A9F-51D16B347195}.Debug|x64.ActiveCfg = Debug|x64
		{F8CDF205-384B-43B8-8A9F-51D16B347195}.Debug|x64.Build.0 = Debug|x64
		{F8CDF205-384B-43B8-8A9F-51D16B347195}.Debug|x86.ActiveCfg = Debug|Win32
		{F8CDF205-384B-43B8-8A9F-51D16B347195}.Debug|x86.Build.0 = Debug|Win32
		{F8CDF205-384B-43B8-8A9F-51D16B347195}.Release|x64.ActiveCfg = Release|x64
		{F8CDF205-384B-43B8-8A9F-51D16B347195}.Release|x64.Build.0 = Release|x64
		{F8CDF205-384B-43B8-8A9F-51D16B347195}.Release|x86.ActiveCfg = Release|Win32
		{F8CDF205-384B-43B8-8A9F-51D16B347195}.Release|x86.Build.0 = Release|Win32
	EndGlobalSection
	GlobalSection(SolutionProperties) = preSolution
		HideSolutionNode = FALSE
	EndGlobalSection
	GlobalSection(ExtensibilityGlobals) = postSolution
		SolutionGuid = {DF931249-3ACB-4D21-9359-E1C4F60D01E3}
	EndGlobalSection
EndGlobal
